{
  "requires": true,
  "lockfileVersion": 1,
  "dependencies": {
    "@types/history": {
      "version": "4.7.3",
      "resolved": "https://registry.npmjs.org/@types/history/-/history-4.7.3.tgz",
      "integrity": "sha512-cS5owqtwzLN5kY+l+KgKdRJ/Cee8tlmQoGQuIE9tWnSmS3JMKzmxo2HIAk2wODMifGwO20d62xZQLYz+RLfXmw=="
    },
    "@types/prop-types": {
      "version": "15.7.2",
      "resolved": "https://registry.npmjs.org/@types/prop-types/-/prop-types-15.7.2.tgz",
      "integrity": "sha512-f8JzJNWVhKtc9dg/dyDNfliTKNOJSLa7Oht/ElZdF/UbMUmAH3rLmAk3ODNjw0mZajDEgatA03tRjB4+Dp/tzA=="
    },
    "@types/react": {
      "version": "16.9.2",
      "resolved": "https://registry.npmjs.org/@types/react/-/react-16.9.2.tgz",
      "integrity": "sha512-jYP2LWwlh+FTqGd9v7ynUKZzjj98T8x7Yclz479QdRhHfuW9yQ+0jjnD31eXSXutmBpppj5PYNLYLRfnZJvcfg==",
      "requires": {
        "@types/prop-types": "*",
        "csstype": "^2.2.0"
      }
    },
    "@types/react-router": {
      "version": "5.0.5",
      "resolved": "https://registry.npmjs.org/@types/react-router/-/react-router-5.0.5.tgz",
      "integrity": "sha512-FX/K5Vnm9q9O3zTC0v3XF08q24ccPz24E/nVDxWSzcBW/Wuxq7lCD6cc5qr1PNOz8OdaDA4Jedjs2evf4jw/aQ==",
      "requires": {
        "@types/history": "*",
        "@types/react": "*"
      }
    },
    "@types/react-router-dom": {
      "version": "4.3.5",
      "resolved": "https://registry.npmjs.org/@types/react-router-dom/-/react-router-dom-4.3.5.tgz",
      "integrity": "sha512-eFajSUASYbPHg2BDM1G8Btx+YqGgvROPIg6sBhl3O4kbDdYXdFdfrgQFf/pcBuQVObjfT9AL/dd15jilR5DIEA==",
      "requires": {
        "@types/history": "*",
        "@types/react": "*",
        "@types/react-router": "*"
      }
    },
    "csstype": {
      "version": "2.6.6",
      "resolved": "https://registry.npmjs.org/csstype/-/csstype-2.6.6.tgz",
      "integrity": "sha512-RpFbQGUE74iyPgvr46U9t1xoQBM8T4BL8SxrN66Le2xYAPSaDJJKeztV3awugusb3g3G9iL8StmkBBXhcbbXhg=="
    }
  }
}
